// !$*UTF8*$!
{
	archiveVersion = 1;
	classes = {
	};
	objectVersion = 56;
	objects = {

/* Begin PBXBuildFile section */
		8790175C2B8CD917006D6338 /* AppDelegate.swift in Sources */ = {isa = PBXBuildFile; fileRef = 8790175B2B8CD917006D6338 /* AppDelegate.swift */; };
		8790175E2B8CD917006D6338 /* DocumentBrowserViewController.swift in Sources */ = {isa = PBXBuildFile; fileRef = 8790175D2B8CD917006D6338 /* DocumentBrowserViewController.swift */; };
		879017602B8CD917006D6338 /* DocumentViewController.swift in Sources */ = {isa = PBXBuildFile; fileRef = 8790175F2B8CD917006D6338 /* DocumentViewController.swift */; };
		879017622B8CD917006D6338 /* Document.swift in Sources */ = {isa = PBXBuildFile; fileRef = 879017612B8CD917006D6338 /* Document.swift */; };
		879017652B8CD917006D6338 /* Main.storyboard in Resources */ = {isa = PBXBuildFile; fileRef = 879017632B8CD917006D6338 /* Main.storyboard */; };
		879017672B8CD918006D6338 /* Assets.xcassets in Resources */ = {isa = PBXBuildFile; fileRef = 879017662B8CD918006D6338 /* Assets.xcassets */; };
		8790176A2B8CD918006D6338 /* LaunchScreen.storyboard in Resources */ = {isa = PBXBuildFile; fileRef = 879017682B8CD918006D6338 /* LaunchScreen.storyboard */; };
/* End PBXBuildFile section */

/* Begin PBXFileReference section */
		875738DF2B8DE3240041E1C3 /* LineReader */ = {isa = PBXFileReference; lastKnownFileType = wrapper; path = LineReader; sourceTree = "<group>"; };
		879017582B8CD917006D6338 /* TDD-ByExample.app */ = {isa = PBXFileReference; explicitFileType = wrapper.application; includeInIndex = 0; path = "TDD-ByExample.app"; sourceTree = BUILT_PRODUCTS_DIR; };
		8790175B2B8CD917006D6338 /* AppDelegate.swift */ = {isa = PBXFileReference; lastKnownFileType = sourcecode.swift; path = AppDelegate.swift; sourceTree = "<group>"; };
		8790175D2B8CD917006D6338 /* DocumentBrowserViewController.swift */ = {isa = PBXFileReference; lastKnownFileType = sourcecode.swift; path = DocumentBrowserViewController.swift; sourceTree = "<group>"; };
		8790175F2B8CD917006D6338 /* DocumentViewController.swift */ = {isa = PBXFileReference; lastKnownFileType = sourcecode.swift; path = DocumentViewController.swift; sourceTree = "<group>"; };
		879017612B8CD917006D6338 /* Document.swift */ = {isa = PBXFileReference; lastKnownFileType = sourcecode.swift; path = Document.swift; sourceTree = "<group>"; };
		879017642B8CD917006D6338 /* Base */ = {isa = PBXFileReference; lastKnownFileType = file.storyboard; name = Base; path = Base.lproj/Main.storyboard; sourceTree = "<group>"; };
		879017662B8CD918006D6338 /* Assets.xcassets */ = {isa = PBXFileReference; lastKnownFileType = folder.assetcatalog; path = Assets.xcassets; sourceTree = "<group>"; };
		879017692B8CD918006D6338 /* Base */ = {isa = PBXFileReference; lastKnownFileType = file.storyboard; name = Base; path = Base.lproj/LaunchScreen.storyboard; sourceTree = "<group>"; };
		8790176B2B8CD918006D6338 /* Info.plist */ = {isa = PBXFileReference; lastKnownFileType = text.plist.xml; path = Info.plist; sourceTree = "<group>"; };
		879017732B8CD92F006D6338 /* Chapter1 */ = {isa = PBXFileReference; lastKnownFileType = wrapper; path = Chapter1; sourceTree = "<group>"; };
		879017742B8CD92F006D6338 /* Chapter2 */ = {isa = PBXFileReference; lastKnownFileType = wrapper; path = Chapter2; sourceTree = "<group>"; };
/* End PBXFileReference section */

/* Begin PBXFrameworksBuildPhase section */
		879017552B8CD917006D6338 /* Frameworks */ = {
			isa = PBXFrameworksBuildPhase;
			buildActionMask = 2147483647;
			files = (
			);
			runOnlyForDeploymentPostprocessing = 0;
		};
/* End PBXFrameworksBuildPhase section */

/* Begin PBXGroup section */
		8790174F2B8CD917006D6338 = {
			isa = PBXGroup;
			children = (
				879017732B8CD92F006D6338 /* Chapter1 */,
				879017742B8CD92F006D6338 /* Chapter2 */,
				875738DF2B8DE3240041E1C3 /* LineReader */,
				8790175A2B8CD917006D6338 /* TDD-ByExample */,
				879017592B8CD917006D6338 /* Products */,
			);
			sourceTree = "<group>";
		};
		879017592B8CD917006D6338 /* Products */ = {
			isa = PBXGroup;
			children = (
				879017582B8CD917006D6338 /* TDD-ByExample.app */,
			);
			name = Products;
			sourceTree = "<group>";
		};
		8790175A2B8CD917006D6338 /* TDD-ByExample */ = {
			isa = PBXGroup;
			children = (
				8790175B2B8CD917006D6338 /* AppDelegate.swift */,
				8790175D2B8CD917006D6338 /* DocumentBrowserViewController.swift */,
				8790175F2B8CD917006D6338 /* DocumentViewController.swift */,
				879017612B8CD917006D6338 /* Document.swift */,
				879017632B8CD917006D6338 /* Main.storyboard */,
				879017662B8CD918006D6338 /* Assets.xcassets */,
				879017682B8CD918006D6338 /* LaunchScreen.storyboard */,
				8790176B2B8CD918006D6338 /* Info.plist */,
			);
			path = "TDD-ByExample";
			sourceTree = "<group>";
		};
/* End PBXGroup section */

/* Begin PBXNativeTarget section */
		879017572B8CD917006D6338 /* TDD-ByExample */ = {
			isa = PBXNativeTarget;
			buildConfigurationList = 8790176E2B8CD918006D6338 /* Build configuration list for PBXNativeTarget "TDD-ByExample" */;
			buildPhases = (
				879017542B8CD917006D6338 /* Sources */,
				879017552B8CD917006D6338 /* Frameworks */,
				879017562B8CD917006D6338 /* Resources */,
			);
			buildRules = (
			);
			dependencies = (
			);
			name = "TDD-ByExample";
			productName = "TDD-ByExample";
			productReference = 879017582B8CD917006D6338 /* TDD-ByExample.app */;
			productType = "com.apple.product-type.application";
		};
/* End PBXNativeTarget section */

/* Begin PBXProject section */
		879017502B8CD917006D6338 /* Project object */ = {
			isa = PBXProject;
			attributes = {
				BuildIndependentTargetsInParallel = 1;
				LastSwiftUpdateCheck = 1520;
				LastUpgradeCheck = 1520;
				TargetAttributes = {
					879017572B8CD917006D6338 = {
						CreatedOnToolsVersion = 15.2;
					};
				};
			};
			buildConfigurationList = 879017532B8CD917006D6338 /* Build configuration list for PBXProject "TDD-ByExample" */;
			compatibilityVersion = "Xcode 14.0";
			developmentRegion = en;
			hasScannedForEncodings = 0;
			knownRegions = (
				en,
				Base,
			);
			mainGroup = 8790174F2B8CD917006D6338;
			productRefGroup = 879017592B8CD917006D6338 /* Products */;
			projectDirPath = "";
			projectRoot = "";
			targets = (
				879017572B8CD917006D6338 /* TDD-ByExample */,
			);
		};
/* End PBXProject section */

/* Begin PBXResourcesBuildPhase section */
		879017562B8CD917006D6338 /* Resources */ = {
			isa = PBXResourcesBuildPhase;
			buildActionMask = 2147483647;
			files = (
				8790176A2B8CD918006D6338 /* LaunchScreen.storyboard in Resources */,
				879017672B8CD918006D6338 /* Assets.xcassets in Resources */,
				879017652B8CD917006D6338 /* Main.storyboard in Resources */,
			);
			runOnlyForDeploymentPostprocessing = 0;
		};
/* End PBXResourcesBuildPhase section */

/* Begin PBXSourcesBuildPhase section */
		879017542B8CD917006D6338 /* Sources */ = {
			isa = PBXSourcesBuildPhase;
			buildActionMask = 2147483647;
			files = (
				879017622B8CD917006D6338 /* Document.swift in Sources */,
				879017602B8CD917006D6338 /* DocumentViewController.swift in Sources */,
				8790175E2B8CD917006D6338 /* DocumentBrowserViewController.swift in Sources */,
				8790175C2B8CD917006D6338 /* AppDelegate.swift in Sources */,
			);
			runOnlyForDeploymentPostprocessing = 0;
		};
/* End PBXSourcesBuildPhase section */

/* Begin PBXVariantGroup section */
		879017632B8CD917006D6338 /* Main.storyboard */ = {
			isa = PBXVariantGroup;
			children = (
				879017642B8CD917006D6338 /* Base */,
			);
			name = Main.storyboard;
			sourceTree = "<group>";
		};
		879017682B8CD918006D6338 /* LaunchScreen.storyboard */ = {
			isa = PBXVariantGroup;
			children = (
				879017692B8CD918006D6338 /* Base */,
			);
			name = LaunchScreen.storyboard;
			sourceTree = "<group>";
		};
/* End PBXVariantGroup section */

/* Begin XCBuildConfiguration section */
		8790176C2B8CD918006D6338 /* Debug */ = {
			isa = XCBuildConfiguration;
			buildSettings = {
				ALWAYS_SEARCH_USER_PATHS = NO;
				ASSETCATALOG_COMPILER_GENERATE_SWIFT_ASSET_SYMBOL_EXTENSIONS = YES;
				CLANG_ANALYZER_NONNULL = YES;
				CLANG_ANALYZER_NUMBER_OBJECT_CONVERSION = YES_AGGRESSIVE;
				CLANG_CXX_LANGUAGE_STANDARD = "gnu++20";
				CLANG_ENABLE_MODULES = YES;
				CLANG_ENABLE_OBJC_ARC = YES;
				CLANG_ENABLE_OBJC_WEAK = YES;
				CLANG_WARN_BLOCK_CAPTURE_AUTORELEASING = YES;
				CLANG_WARN_BOOL_CONVERSION = YES;
				CLANG_WARN_COMMA = YES;
				CLANG_WARN_CONSTANT_CONVERSION = YES;
				CLANG_WARN_DEPRECATED_OBJC_IMPLEMENTATIONS = YES;
				CLANG_WARN_DIRECT_OBJC_ISA_USAGE = YES_ERROR;
				CLANG_WARN_DOCUMENTATION_COMMENTS = YES;
				CLANG_WARN_EMPTY_BODY = YES;
				CLANG_WARN_ENUM_CONVERSION = YES;
				CLANG_WARN_INFINITE_RECURSION = YES;
				CLANG_WARN_INT_CONVERSION = YES;
				CLANG_WARN_NON_LITERAL_NULL_CONVERSION = YES;
				CLANG_WARN_OBJC_IMPLICIT_RETAIN_SELF = YES;
				CLANG_WARN_OBJC_LITERAL_CONVERSION = YES;
				CLANG_WARN_OBJC_ROOT_CLASS = YES_ERROR;
				CLANG_WARN_QUOTED_INCLUDE_IN_FRAMEWORK_HEADER = YES;
				CLANG_WARN_RANGE_LOOP_ANALYSIS = YES;
				CLANG_WARN_STRICT_PROTOTYPES = YES;
				CLANG_WARN_SUSPICIOUS_MOVE = YES;
				CLANG_WARN_UNGUARDED_AVAILABILITY = YES_AGGRESSIVE;
				CLANG_WARN_UNREACHABLE_CODE = YES;
				CLANG_WARN__DUPLICATE_METHOD_MATCH = YES;
				COPY_PHASE_STRIP = NO;
				DEBUG_INFORMATION_FORMAT = dwarf;
				ENABLE_STRICT_OBJC_MSGSEND = YES;
				ENABLE_TESTABILITY = YES;
				ENABLE_USER_SCRIPT_SANDBOXING = YES;
				GCC_C_LANGUAGE_STANDARD = gnu17;
				GCC_DYNAMIC_NO_PIC = NO;
				GCC_NO_COMMON_BLOCKS = YES;
				GCC_OPTIMIZATION_LEVEL = 0;
				GCC_PREPROCESSOR_DEFINITIONS = (
					"DEBUG=1",
					"$(inherited)",
				);
				GCC_WARN_64_TO_32_BIT_CONVERSION = YES;
				GCC_WARN_ABOUT_RETURN_TYPE = YES_ERROR;
				GCC_WARN_UNDECLARED_SELECTOR = YES;
				GCC_WARN_UNINITIALIZED_AUTOS = YES_AGGRESSIVE;
				GCC_WARN_UNUSED_FUNCTION = YES;
				GCC_WARN_UNUSED_VARIABLE = YES;
				IPHONEOS_DEPLOYMENT_TARGET = 17.2;
				LOCALIZATION_PREFERS_STRING_CATALOGS = YES;
				MTL_ENABLE_DEBUG_INFO = INCLUDE_SOURCE;
				MTL_FAST_MATH = YES;
				ONLY_ACTIVE_ARCH = YES;
				SDKROOT = iphoneos;
				SWIFT_ACTIVE_COMPILATION_CONDITIONS = "DEBUG $(inherited)";
				SWIFT_OPTIMIZATION_LEVEL = "-Onone";
			};
			name = Debug;
		};
		8790176D2B8CD918006D6338 /* Release */ = {
			isa = XCBuildConfiguration;
			buildSettings = {
				ALWAYS_SEARCH_USER_PATHS = NO;
				ASSETCATALOG_COMPILER_GENERATE_SWIFT_ASSET_SYMBOL_EXTENSIONS = YES;
				CLANG_ANALYZER_NONNULL = YES;
				CLANG_ANALYZER_NUMBER_OBJECT_CONVERSION = YES_AGGRESSIVE;
				CLANG_CXX_LANGUAGE_STANDARD = "gnu++20";
				CLANG_ENABLE_MODULES = YES;
				CLANG_ENABLE_OBJC_ARC = YES;
				CLANG_ENABLE_OBJC_WEAK = YES;
				CLANG_WARN_BLOCK_CAPTURE_AUTORELEASING = YES;
				CLANG_WARN_BOOL_CONVERSION = YES;
				CLANG_WARN_COMMA = YES;
				CLANG_WARN_CONSTANT_CONVERSION = YES;
				CLANG_WARN_DEPRECATED_OBJC_IMPLEMENTATIONS = YES;
				CLANG_WARN_DIRECT_OBJC_ISA_USAGE = YES_ERROR;
				CLANG_WARN_DOCUMENTATION_COMMENTS = YES;
				CLANG_WARN_EMPTY_BODY = YES;
				CLANG_WARN_ENUM_CONVERSION = YES;
				CLANG_WARN_INFINITE_RECURSION = YES;
				CLANG_WARN_INT_CONVERSION = YES;
				CLANG_WARN_NON_LITERAL_NULL_CONVERSION = YES;
				CLANG_WARN_OBJC_IMPLICIT_RETAIN_SELF = YES;
				CLANG_WARN_OBJC_LITERAL_CONVERSION = YES;
				CLANG_WARN_OBJC_ROOT_CLASS = YES_ERROR;
				CLANG_WARN_QUOTED_INCLUDE_IN_FRAMEWORK_HEADER = YES;
				CLANG_WARN_RANGE_LOOP_ANALYSIS = YES;
				CLANG_WARN_STRICT_PROTOTYPES = YES;
				CLANG_WARN_SUSPICIOUS_MOVE = YES;
				CLANG_WARN_UNGUARDED_AVAILABILITY = YES_AGGRESSIVE;
				CLANG_WARN_UNREACHABLE_CODE = YES;
				CLANG_WARN__DUPLICATE_METHOD_MATCH = YES;
				COPY_PHASE_STRIP = NO;
				DEBUG_INFORMATION_FORMAT = "dwarf-with-dsym";
				ENABLE_NS_ASSERTIONS = NO;
				ENABLE_STRICT_OBJC_MSGSEND = YES;
				ENABLE_USER_SCRIPT_SANDBOXING = YES;
				GCC_C_LANGUAGE_STANDARD = gnu17;
				GCC_NO_COMMON_BLOCKS = YES;
				GCC_WARN_64_TO_32_BIT_CONVERSION = YES;
				GCC_WARN_ABOUT_RETURN_TYPE = YES_ERROR;
				GCC_WARN_UNDECLARED_SELECTOR = YES;
				GCC_WARN_UNINITIALIZED_AUTOS = YES_AGGRESSIVE;
				GCC_WARN_UNUSED_FUNCTION = YES;
				GCC_WARN_UNUSED_VARIABLE = YES;
				IPHONEOS_DEPLOYMENT_TARGET = 17.2;
				LOCALIZATION_PREFERS_STRING_CATALOGS = YES;
				MTL_ENABLE_DEBUG_INFO = NO;
				MTL_FAST_MATH = YES;
				SDKROOT = iphoneos;
				SWIFT_COMPILATION_MODE = wholemodule;
				VALIDATE_PRODUCT = YES;
			};
			name = Release;
		};
		8790176F2B8CD918006D6338 /* Debug */ = {
			isa = XCBuildConfiguration;
			buildSettings = {
				ASSETCATALOG_COMPILER_APPICON_NAME = AppIcon;
				ASSETCATALOG_COMPILER_GLOBAL_ACCENT_COLOR_NAME = AccentColor;
				CODE_SIGN_STYLE = Automatic;
				CURRENT_PROJECT_VERSION = 1;
				DEVELOPMENT_TEAM = ADAV929TJ6;
				GENERATE_INFOPLIST_FILE = YES;
				INFOPLIST_FILE = "TDD-ByExample/Info.plist";
				INFOPLIST_KEY_UIApplicationSupportsIndirectInputEvents = YES;
				INFOPLIST_KEY_UILaunchStoryboardName = LaunchScreen;
				INFOPLIST_KEY_UIMainStoryboardFile = Main;
				INFOPLIST_KEY_UISupportedInterfaceOrientations_iPad = "UIInterfaceOrientationPortrait UIInterfaceOrientationPortraitUpsideDown UIInterfaceOrientationLandscapeLeft UIInterfaceOrientationLandscapeRight";
				INFOPLIST_KEY_UISupportedInterfaceOrientations_iPhone = "UIInterfaceOrientationPortrait UIInterfaceOrientationLandscapeLeft UIInterfaceOrientationLandscapeRight";
				INFOPLIST_KEY_UISupportsDocumentBrowser = YES;
				LD_RUNPATH_SEARCH_PATHS = (
					"$(inherited)",
					"@executable_path/Frameworks",
				);
				MARKETING_VERSION = 1.0;
				PRODUCT_BUNDLE_IDENTIFIER = "hg.TDD-ByExample";
				PRODUCT_NAME = "$(TARGET_NAME)";
				SWIFT_EMIT_LOC_STRINGS = YES;
				SWIFT_VERSION = 5.0;
				TARGETED_DEVICE_FAMILY = "1,2";
			};
			name = Debug;
		};
		879017702B8CD918006D6338 /* Release */ = {
			isa = XCBuildConfiguration;
			buildSettings = {
				ASSETCATALOG_COMPILER_APPICON_NAME = AppIcon;
				ASSETCATALOG_COMPILER_GLOBAL_ACCENT_COLOR_NAME = AccentColor;
				CODE_SIGN_STYLE = Automatic;
				CURRENT_PROJECT_VERSION = 1;
				DEVELOPMENT_TEAM = ADAV929TJ6;
				GENERATE_INFOPLIST_FILE = YES;
				INFOPLIST_FILE = "TDD-ByExample/Info.plist";
				INFOPLIST_KEY_UIApplicationSupportsIndirectInputEvents = YES;
				INFOPLIST_KEY_UILaunchStoryboardName = LaunchScreen;
				INFOPLIST_KEY_UIMainStoryboardFile = Main;
				INFOPLIST_KEY_UISupportedInterfaceOrientations_iPad = "UIInterfaceOrientationPortrait UIInterfaceOrientationPortraitUpsideDown UIInterfaceOrientationLandscapeLeft UIInterfaceOrientationLandscapeRight";
				INFOPLIST_KEY_UISupportedInterfaceOrientations_iPhone = "UIInterfaceOrientationPortrait UIInterfaceOrientationLandscapeLeft UIInterfaceOrientationLandscapeRight";
				INFOPLIST_KEY_UISupportsDocumentBrowser = YES;
				LD_RUNPATH_SEARCH_PATHS = (
					"$(inherited)",
					"@executable_path/Frameworks",
				);
				MARKETING_VERSION = 1.0;
				PRODUCT_BUNDLE_IDENTIFIER = "hg.TDD-ByExample";
				PRODUCT_NAME = "$(TARGET_NAME)";
				SWIFT_EMIT_LOC_STRINGS = YES;
				SWIFT_VERSION = 5.0;
				TARGETED_DEVICE_FAMILY = "1,2";
			};
			name = Release;
		};
/* End XCBuildConfiguration section */

/* Begin XCConfigurationList section */
		879017532B8CD917006D6338 /* Build configuration list for PBXProject "TDD-ByExample" */ = {
			isa = XCConfigurationList;
			buildConfigurations = (
				8790176C2B8CD918006D6338 /* Debug */,
				8790176D2B8CD918006D6338 /* Release */,
			);
			defaultConfigurationIsVisible = 0;
			defaultConfigurationName = Release;
		};
		8790176E2B8CD918006D6338 /* Build configuration list for PBXNativeTarget "TDD-ByExample" */ = {
			isa = XCConfigurationList;
			buildConfigurations = (
				8790176F2B8CD918006D6338 /* Debug */,
				879017702B8CD918006D6338 /* Release */,
			);
			defaultConfigurationIsVisible = 0;
			defaultConfigurationName = Release;
		};
/* End XCConfigurationList section */
	};
	rootObject = 879017502B8CD917006D6338 /* Project object */;
}
